
Microsoft Visual Studio Solution File, Format Version 12.00
# Visual Studio 14
VisualStudioVersion = 14.0.25420.1
MinimumVisualStudioVersion = 10.0.40219.1
Project("{FAE04EC0-301F-11D3-BF4B-00C04F79EFBC}") = "GeneralsServer", "GeneralsServer\GeneralsServer.csproj", "{C06186BA-5C88-4435-9506-5AF8381528F5}"
EndProject
Project("{FAE04EC0-301F-11D3-BF4B-00C04F79EFBC}") = "GeneralsClient", "GeneralsClient\GeneralsClient.csproj", "{D481AA59-EFDB-493C-858C-4B7A44D5E54C}"
EndProject
Project("{FAE04EC0-301F-11D3-BF4B-00C04F79EFBC}") = "GeneralClasses", "GeneralClasses\GeneralClasses.csproj", "{E1867B2B-47FB-4EDA-8707-BA2042B9FC5C}"
EndProject
Project("{FAE04EC0-301F-11D3-BF4B-00C04F79EFBC}") = "DataBase", "DataBase\DataBase.csproj", "{FDE19FB0-174F-4795-8735-D985D3287B5A}"
EndProject
Project("{FAE04EC0-301F-11D3-BF4B-00C04F79EFBC}") = "TestDB", "TestDB\TestDB.csproj", "{06362025-E8E6-459E-AE65-C5A3F10A8AAE}"
EndProject
Global
	GlobalSection(SolutionConfigurationPlatforms) = preSolution
		Debug|Any CPU = Debug|Any CPU
		Release|Any CPU = Release|Any CPU
	EndGlobalSection
	GlobalSection(ProjectConfigurationPlatforms) = postSolution
		{C06186BA-5C88-4435-9506-5AF8381528F5}.Debug|Any CPU.ActiveCfg = Debug|Any CPU
		{C06186BA-5C88-4435-9506-5AF8381528F5}.Debug|Any CPU.Build.0 = Debug|Any CPU
		{C06186BA-5C88-4435-9506-5AF8381528F5}.Release|Any CPU.ActiveCfg = Release|Any CPU
		{C06186BA-5C88-4435-9506-5AF8381528F5}.Release|Any CPU.Build.0 = Release|Any CPU
		{D481AA59-EFDB-493C-858C-4B7A44D5E54C}.Debug|Any CPU.ActiveCfg = Debug|Any CPU
		{D481AA59-EFDB-493C-858C-4B7A44D5E54C}.Debug|Any CPU.Build.0 = Debug|Any CPU
		{D481AA59-EFDB-493C-858C-4B7A44D5E54C}.Release|Any CPU.ActiveCfg = Release|Any CPU
		{D481AA59-EFDB-493C-858C-4B7A44D5E54C}.Release|Any CPU.Build.0 = Release|Any CPU
		{E1867B2B-47FB-4EDA-8707-BA2042B9FC5C}.Debug|Any CPU.ActiveCfg = Debug|Any CPU
		{E1867B2B-47FB-4EDA-8707-BA2042B9FC5C}.Debug|Any CPU.Build.0 = Debug|Any CPU
		{E1867B2B-47FB-4EDA-8707-BA2042B9FC5C}.Release|Any CPU.ActiveCfg = Release|Any CPU
		{E1867B2B-47FB-4EDA-8707-BA2042B9FC5C}.Release|Any CPU.Build.0 = Release|Any CPU
		{FDE19FB0-174F-4795-8735-D985D3287B5A}.Debug|Any CPU.ActiveCfg = Debug|Any CPU
		{FDE19FB0-174F-4795-8735-D985D3287B5A}.Debug|Any CPU.Build.0 = Debug|Any CPU
		{FDE19FB0-174F-4795-8735-D985D3287B5A}.Release|Any CPU.ActiveCfg = Release|Any CPU
		{FDE19FB0-174F-4795-8735-D985D3287B5A}.Release|Any CPU.Build.0 = Release|Any CPU
		{06362025-E8E6-459E-AE65-C5A3F10A8AAE}.Debug|Any CPU.ActiveCfg = Debug|Any CPU
		{06362025-E8E6-459E-AE65-C5A3F10A8AAE}.Debug|Any CPU.Build.0 = Debug|Any CPU
		{06362025-E8E6-459E-AE65-C5A3F10A8AAE}.Release|Any CPU.ActiveCfg = Release|Any CPU
		{06362025-E8E6-459E-AE65-C5A3F10A8AAE}.Release|Any CPU.Build.0 = Release|Any CPU
	EndGlobalSection
	GlobalSection(SolutionProperties) = preSolution
		HideSolutionNode = FALSE
	EndGlobalSection
EndGlobal
